
Microsoft Visual Studio Solution File, Format Version 12.00
# Visual Studio Version 17
VisualStudioVersion = 17.1.32407.343
MinimumVisualStudioVersion = 10.0.40219.1
Project("{FAE04EC0-301F-11D3-BF4B-00C04F79EFBC}") = "GuessingGame", "GuessingGame.csproj", "{2AEF13B0-5993-4F3C-BFAD-08DF76EC9D54}"
EndProject
Global
	GlobalSection(SolutionConfigurationPlatforms) = preSolution
		Debug|Any CPU = Debug|Any CPU
		Release|Any CPU = Release|Any CPU
	EndGlobalSection
	GlobalSection(ProjectConfigurationPlatforms) = postSolution
		{2AEF13B0-5993-4F3C-BFAD-08DF76EC9D54}.Debug|Any CPU.ActiveCfg = Debug|Any CPU
		{2AEF13B0-5993-4F3C-BFAD-08DF76EC9D54}.Debug|Any CPU.Build.0 = Debug|Any CPU
		{2AEF13B0-5993-4F3C-BFAD-08DF76EC9D54}.Release|Any CPU.ActiveCfg = Release|Any CPU
		{2AEF13B0-5993-4F3C-BFAD-08DF76EC9D54}.Release|Any CPU.Build.0 = Release|Any CPU
	EndGlobalSection
	GlobalSection(SolutionProperties) = preSolution
		HideSolutionNode = FALSE
	EndGlobalSection
	GlobalSection(ExtensibilityGlobals) = postSolution
		SolutionGuid = {86F0150F-1A51-4948-B179-74ED402C0F93}
	EndGlobalSection
EndGlobal
